<?xml version="1.0" encoding="utf-8"?>
<Project ToolsVersion="4.0" xmlns="http://schemas.microsoft.com/developer/msbuild/2003">
  <ItemGroup>
    <ClCompile Include="lodepng.cpp">
      <Filter>Pliki źródłowe</Filter>
    </ClCompile>
    <ClCompile Include="main_file.cpp">
      <Filter>Pliki źródłowe</Filter>
    </ClCompile>
    <ClCompile Include="myAquarium.cpp">
      <Filter>Pliki źródłowe</Filter>
    </ClCompile>
    <ClCompile Include="shaderprogram.cpp">
      <Filter>Pliki źródłowe</Filter>
    </ClCompile>
    <ClCompile Include="rockAlone.cpp">
      <Filter>Pliki źródłowe</Filter>
    </ClCompile>
  </ItemGroup>
  <ItemGroup>
    <ClInclude Include="constants.h">
      <Filter>Pliki nagłówkowe</Filter>
    </ClInclude>
    <ClInclude Include="myAquarium.h">
      <Filter>Pliki nagłówkowe</Filter>
    </ClInclude>
    <ClInclude Include="lodepng.h">
      <Filter>Pliki nagłówkowe</Filter>
    </ClInclude>
    <ClInclude Include="myTeapot.h">
      <Filter>Pliki nagłówkowe</Filter>
    </ClInclude>
    <ClInclude Include="shaderprogram.h">
      <Filter>Pliki nagłówkowe</Filter>
    </ClInclude>
    <ClInclude Include="myCube.h">
      <Filter>Pliki nagłówkowe</Filter>
    </ClInclude>
    <ClInclude Include="rockAlone.h">
      <Filter>Pliki nagłówkowe</Filter>
    </ClInclude>
  </ItemGroup>
  <ItemGroup>
    <None Include="f_simplest.glsl">
      <Filter>Pliki shaderów</Filter>
    </None>
    <None Include="v_simplest.glsl">
      <Filter>Pliki shaderów</Filter>
    </None>
  </ItemGroup>
  <ItemGroup>
    <Filter Include="Pliki źródłowe">
      <UniqueIdentifier>{979cd7d2-c7f5-4018-9d92-635c70fa584b}</UniqueIdentifier>
    </Filter>
    <Filter Include="Pliki shaderów">
      <UniqueIdentifier>{48b20fc3-b94e-4d34-93f1-7b3cb8c04963}</UniqueIdentifier>
    </Filter>
    <Filter Include="Pliki nagłówkowe">
      <UniqueIdentifier>{140f8433-ff0e-49f8-a0e9-fb12f9ee2e08}</UniqueIdentifier>
    </Filter>
  </ItemGroup>
</Project>